
Microsoft Visual Studio Solution File, Format Version 12.00
# Visual Studio Version 17
VisualStudioVersion = 17.5.33414.496
MinimumVisualStudioVersion = 10.0.40219.1
Project("{9A19103F-16F7-4668-BE54-9A1E7A4F7556}") = "MappingExamples", "MappingExamples\MappingExamples.csproj", "{70850DEA-46CC-4FC4-A873-9A536A77A4A8}"
EndProject
Project("{9A19103F-16F7-4668-BE54-9A1E7A4F7556}") = "Expressions", "Expressions\Expressions.csproj", "{F1EB6B05-94C6-499F-8F75-5A33447652DB}"
EndProject
Project("{FAE04EC0-301F-11D3-BF4B-00C04F79EFBC}") = "EmitExamples", "EmitExamples\EmitExamples.csproj", "{648C077B-7791-438D-9E16-623CABECFCDA}"
EndProject
Project("{FAE04EC0-301F-11D3-BF4B-00C04F79EFBC}") = "CreatingObjects", "CreatingObjects\CreatingObjects.csproj", "{8007B54B-BCD4-449F-8970-75F77EDE33A7}"
EndProject
Global
	GlobalSection(SolutionConfigurationPlatforms) = preSolution
		Debug|Any CPU = Debug|Any CPU
		Release|Any CPU = Release|Any CPU
	EndGlobalSection
	GlobalSection(ProjectConfigurationPlatforms) = postSolution
		{70850DEA-46CC-4FC4-A873-9A536A77A4A8}.Debug|Any CPU.ActiveCfg = Debug|Any CPU
		{70850DEA-46CC-4FC4-A873-9A536A77A4A8}.Debug|Any CPU.Build.0 = Debug|Any CPU
		{70850DEA-46CC-4FC4-A873-9A536A77A4A8}.Release|Any CPU.ActiveCfg = Release|Any CPU
		{70850DEA-46CC-4FC4-A873-9A536A77A4A8}.Release|Any CPU.Build.0 = Release|Any CPU
		{F1EB6B05-94C6-499F-8F75-5A33447652DB}.Debug|Any CPU.ActiveCfg = Debug|Any CPU
		{F1EB6B05-94C6-499F-8F75-5A33447652DB}.Debug|Any CPU.Build.0 = Debug|Any CPU
		{F1EB6B05-94C6-499F-8F75-5A33447652DB}.Release|Any CPU.ActiveCfg = Release|Any CPU
		{F1EB6B05-94C6-499F-8F75-5A33447652DB}.Release|Any CPU.Build.0 = Release|Any CPU
		{648C077B-7791-438D-9E16-623CABECFCDA}.Debug|Any CPU.ActiveCfg = Debug|Any CPU
		{648C077B-7791-438D-9E16-623CABECFCDA}.Debug|Any CPU.Build.0 = Debug|Any CPU
		{648C077B-7791-438D-9E16-623CABECFCDA}.Release|Any CPU.ActiveCfg = Release|Any CPU
		{648C077B-7791-438D-9E16-623CABECFCDA}.Release|Any CPU.Build.0 = Release|Any CPU
		{8007B54B-BCD4-449F-8970-75F77EDE33A7}.Debug|Any CPU.ActiveCfg = Debug|Any CPU
		{8007B54B-BCD4-449F-8970-75F77EDE33A7}.Debug|Any CPU.Build.0 = Debug|Any CPU
		{8007B54B-BCD4-449F-8970-75F77EDE33A7}.Release|Any CPU.ActiveCfg = Release|Any CPU
		{8007B54B-BCD4-449F-8970-75F77EDE33A7}.Release|Any CPU.Build.0 = Release|Any CPU
	EndGlobalSection
	GlobalSection(SolutionProperties) = preSolution
		HideSolutionNode = FALSE
	EndGlobalSection
	GlobalSection(ExtensibilityGlobals) = postSolution
		SolutionGuid = {7E80D1A7-E274-48CD-99BF-CB23736D1E3C}
	EndGlobalSection
EndGlobal
